// !$*UTF8*$!
{
	archiveVersion = 1;
	classes = {
	};
	objectVersion = 55;
	objects = {

/* Begin PBXBuildFile section */
		849652A527AAF69200D22DFF /* Notes+CoreDataClass.swift in Sources */ = {isa = PBXBuildFile; fileRef = 849652A327AAF69200D22DFF /* Notes+CoreDataClass.swift */; };
		849652A627AAF69200D22DFF /* Notes+CoreDataProperties.swift in Sources */ = {isa = PBXBuildFile; fileRef = 849652A427AAF69200D22DFF /* Notes+CoreDataProperties.swift */; };
		849652A827AAF92600D22DFF /* DataStoreManager.swift in Sources */ = {isa = PBXBuildFile; fileRef = 849652A727AAF92600D22DFF /* DataStoreManager.swift */; };
		849652AA27AC6D8800D22DFF /* NoteEditingViewController.swift in Sources */ = {isa = PBXBuildFile; fileRef = 849652A927AC6D8800D22DFF /* NoteEditingViewController.swift */; };
		84DE76CB27BADE3B00818137 /* PopUpView.swift in Sources */ = {isa = PBXBuildFile; fileRef = 84DE76CA27BADE3B00818137 /* PopUpView.swift */; };
		84ECE81127A6804A00FDC2E7 /* AppDelegate.swift in Sources */ = {isa = PBXBuildFile; fileRef = 84ECE81027A6804A00FDC2E7 /* AppDelegate.swift */; };
		84ECE81327A6804A00FDC2E7 /* SceneDelegate.swift in Sources */ = {isa = PBXBuildFile; fileRef = 84ECE81227A6804A00FDC2E7 /* SceneDelegate.swift */; };
		84ECE81827A6804A00FDC2E7 /* Main.storyboard in Resources */ = {isa = PBXBuildFile; fileRef = 84ECE81627A6804A00FDC2E7 /* Main.storyboard */; };
		84ECE81B27A6804A00FDC2E7 /* Notes.xcdatamodeld in Sources */ = {isa = PBXBuildFile; fileRef = 84ECE81927A6804A00FDC2E7 /* Notes.xcdatamodeld */; };
		84ECE81D27A6804D00FDC2E7 /* Assets.xcassets in Resources */ = {isa = PBXBuildFile; fileRef = 84ECE81C27A6804D00FDC2E7 /* Assets.xcassets */; };
		84ECE82027A6804D00FDC2E7 /* LaunchScreen.storyboard in Resources */ = {isa = PBXBuildFile; fileRef = 84ECE81E27A6804D00FDC2E7 /* LaunchScreen.storyboard */; };
		84ECE82D27A6DABD00FDC2E7 /* NotesListController.swift in Sources */ = {isa = PBXBuildFile; fileRef = 84ECE82C27A6DABD00FDC2E7 /* NotesListController.swift */; };
		84ECE82F27A6DB2D00FDC2E7 /* NoteCell.swift in Sources */ = {isa = PBXBuildFile; fileRef = 84ECE82E27A6DB2D00FDC2E7 /* NoteCell.swift */; };
/* End PBXBuildFile section */

/* Begin PBXFileReference section */
		849652A327AAF69200D22DFF /* Notes+CoreDataClass.swift */ = {isa = PBXFileReference; lastKnownFileType = sourcecode.swift; path = "Notes+CoreDataClass.swift"; sourceTree = "<group>"; };
		849652A427AAF69200D22DFF /* Notes+CoreDataProperties.swift */ = {isa = PBXFileReference; lastKnownFileType = sourcecode.swift; path = "Notes+CoreDataProperties.swift"; sourceTree = "<group>"; };
		849652A727AAF92600D22DFF /* DataStoreManager.swift */ = {isa = PBXFileReference; lastKnownFileType = sourcecode.swift; path = DataStoreManager.swift; sourceTree = "<group>"; };
		849652A927AC6D8800D22DFF /* NoteEditingViewController.swift */ = {isa = PBXFileReference; lastKnownFileType = sourcecode.swift; path = NoteEditingViewController.swift; sourceTree = "<group>"; };
		84DE76CA27BADE3B00818137 /* PopUpView.swift */ = {isa = PBXFileReference; lastKnownFileType = sourcecode.swift; path = PopUpView.swift; sourceTree = "<group>"; };
		84ECE80D27A6804A00FDC2E7 /* Notes.app */ = {isa = PBXFileReference; explicitFileType = wrapper.application; includeInIndex = 0; path = Notes.app; sourceTree = BUILT_PRODUCTS_DIR; };
		84ECE81027A6804A00FDC2E7 /* AppDelegate.swift */ = {isa = PBXFileReference; lastKnownFileType = sourcecode.swift; path = AppDelegate.swift; sourceTree = "<group>"; };
		84ECE81227A6804A00FDC2E7 /* SceneDelegate.swift */ = {isa = PBXFileReference; lastKnownFileType = sourcecode.swift; path = SceneDelegate.swift; sourceTree = "<group>"; };
		84ECE81727A6804A00FDC2E7 /* Base */ = {isa = PBXFileReference; lastKnownFileType = file.storyboard; name = Base; path = Base.lproj/Main.storyboard; sourceTree = "<group>"; };
		84ECE81A27A6804A00FDC2E7 /* Notes.xcdatamodel */ = {isa = PBXFileReference; lastKnownFileType = wrapper.xcdatamodel; path = Notes.xcdatamodel; sourceTree = "<group>"; };
		84ECE81C27A6804D00FDC2E7 /* Assets.xcassets */ = {isa = PBXFileReference; lastKnownFileType = folder.assetcatalog; path = Assets.xcassets; sourceTree = "<group>"; };
		84ECE81F27A6804D00FDC2E7 /* Base */ = {isa = PBXFileReference; lastKnownFileType = file.storyboard; name = Base; path = Base.lproj/LaunchScreen.storyboard; sourceTree = "<group>"; };
		84ECE82127A6804D00FDC2E7 /* Info.plist */ = {isa = PBXFileReference; lastKnownFileType = text.plist.xml; path = Info.plist; sourceTree = "<group>"; };
		84ECE82C27A6DABD00FDC2E7 /* NotesListController.swift */ = {isa = PBXFileReference; lastKnownFileType = sourcecode.swift; path = NotesListController.swift; sourceTree = "<group>"; };
		84ECE82E27A6DB2D00FDC2E7 /* NoteCell.swift */ = {isa = PBXFileReference; lastKnownFileType = sourcecode.swift; path = NoteCell.swift; sourceTree = "<group>"; };
/* End PBXFileReference section */

/* Begin PBXFrameworksBuildPhase section */
		84ECE80A27A6804A00FDC2E7 /* Frameworks */ = {
			isa = PBXFrameworksBuildPhase;
			buildActionMask = 2147483647;
			files = (
			);
			runOnlyForDeploymentPostprocessing = 0;
		};
/* End PBXFrameworksBuildPhase section */

/* Begin PBXGroup section */
		84DD69BC27B8002B009DDDE8 /* Controller */ = {
			isa = PBXGroup;
			children = (
				84ECE82C27A6DABD00FDC2E7 /* NotesListController.swift */,
				849652A927AC6D8800D22DFF /* NoteEditingViewController.swift */,
			);
			path = Controller;
			sourceTree = "<group>";
		};
		84ECE80427A6804A00FDC2E7 = {
			isa = PBXGroup;
			children = (
				84ECE80F27A6804A00FDC2E7 /* Notes */,
				84ECE80E27A6804A00FDC2E7 /* Products */,
			);
			sourceTree = "<group>";
		};
		84ECE80E27A6804A00FDC2E7 /* Products */ = {
			isa = PBXGroup;
			children = (
				84ECE80D27A6804A00FDC2E7 /* Notes.app */,
			);
			name = Products;
			sourceTree = "<group>";
		};
		84ECE80F27A6804A00FDC2E7 /* Notes */ = {
			isa = PBXGroup;
			children = (
				84ECE83027A6DB9800FDC2E7 /* View */,
				84ECE82727A6807F00FDC2E7 /* Models */,
				84DD69BC27B8002B009DDDE8 /* Controller */,
				84ECE81027A6804A00FDC2E7 /* AppDelegate.swift */,
				84ECE81227A6804A00FDC2E7 /* SceneDelegate.swift */,
				84ECE81627A6804A00FDC2E7 /* Main.storyboard */,
				84ECE81C27A6804D00FDC2E7 /* Assets.xcassets */,
				84ECE81E27A6804D00FDC2E7 /* LaunchScreen.storyboard */,
				84ECE82127A6804D00FDC2E7 /* Info.plist */,
				84ECE81927A6804A00FDC2E7 /* Notes.xcdatamodeld */,
			);
			path = Notes;
			sourceTree = "<group>";
		};
		84ECE82727A6807F00FDC2E7 /* Models */ = {
			isa = PBXGroup;
			children = (
				849652A727AAF92600D22DFF /* DataStoreManager.swift */,
				849652A427AAF69200D22DFF /* Notes+CoreDataProperties.swift */,
				849652A327AAF69200D22DFF /* Notes+CoreDataClass.swift */,
			);
			path = Models;
			sourceTree = "<group>";
		};
		84ECE83027A6DB9800FDC2E7 /* View */ = {
			isa = PBXGroup;
			children = (
				84DE76CA27BADE3B00818137 /* PopUpView.swift */,
				84ECE82E27A6DB2D00FDC2E7 /* NoteCell.swift */,
			);
			path = View;
			sourceTree = "<group>";
		};
/* End PBXGroup section */

/* Begin PBXNativeTarget section */
		84ECE80C27A6804A00FDC2E7 /* Notes */ = {
			isa = PBXNativeTarget;
			buildConfigurationList = 84ECE82427A6804D00FDC2E7 /* Build configuration list for PBXNativeTarget "Notes" */;
			buildPhases = (
				84ECE80927A6804A00FDC2E7 /* Sources */,
				84ECE80A27A6804A00FDC2E7 /* Frameworks */,
				84ECE80B27A6804A00FDC2E7 /* Resources */,
			);
			buildRules = (
			);
			dependencies = (
			);
			name = Notes;
			productName = Notes;
			productReference = 84ECE80D27A6804A00FDC2E7 /* Notes.app */;
			productType = "com.apple.product-type.application";
		};
/* End PBXNativeTarget section */

/* Begin PBXProject section */
		84ECE80527A6804A00FDC2E7 /* Project object */ = {
			isa = PBXProject;
			attributes = {
				BuildIndependentTargetsInParallel = 1;
				LastSwiftUpdateCheck = 1320;
				LastUpgradeCheck = 1320;
				TargetAttributes = {
					84ECE80C27A6804A00FDC2E7 = {
						CreatedOnToolsVersion = 13.2.1;
					};
				};
			};
			buildConfigurationList = 84ECE80827A6804A00FDC2E7 /* Build configuration list for PBXProject "Notes" */;
			compatibilityVersion = "Xcode 13.0";
			developmentRegion = en;
			hasScannedForEncodings = 0;
			knownRegions = (
				en,
				Base,
			);
			mainGroup = 84ECE80427A6804A00FDC2E7;
			productRefGroup = 84ECE80E27A6804A00FDC2E7 /* Products */;
			projectDirPath = "";
			projectRoot = "";
			targets = (
				84ECE80C27A6804A00FDC2E7 /* Notes */,
			);
		};
/* End PBXProject section */

/* Begin PBXResourcesBuildPhase section */
		84ECE80B27A6804A00FDC2E7 /* Resources */ = {
			isa = PBXResourcesBuildPhase;
			buildActionMask = 2147483647;
			files = (
				84ECE82027A6804D00FDC2E7 /* LaunchScreen.storyboard in Resources */,
				84ECE81D27A6804D00FDC2E7 /* Assets.xcassets in Resources */,
				84ECE81827A6804A00FDC2E7 /* Main.storyboard in Resources */,
			);
			runOnlyForDeploymentPostprocessing = 0;
		};
/* End PBXResourcesBuildPhase section */

/* Begin PBXSourcesBuildPhase section */
		84ECE80927A6804A00FDC2E7 /* Sources */ = {
			isa = PBXSourcesBuildPhase;
			buildActionMask = 2147483647;
			files = (
				849652A527AAF69200D22DFF /* Notes+CoreDataClass.swift in Sources */,
				84ECE82D27A6DABD00FDC2E7 /* NotesListController.swift in Sources */,
				849652A627AAF69200D22DFF /* Notes+CoreDataProperties.swift in Sources */,
				849652A827AAF92600D22DFF /* DataStoreManager.swift in Sources */,
				84ECE81127A6804A00FDC2E7 /* AppDelegate.swift in Sources */,
				84DE76CB27BADE3B00818137 /* PopUpView.swift in Sources */,
				84ECE81327A6804A00FDC2E7 /* SceneDelegate.swift in Sources */,
				84ECE82F27A6DB2D00FDC2E7 /* NoteCell.swift in Sources */,
				849652AA27AC6D8800D22DFF /* NoteEditingViewController.swift in Sources */,
				84ECE81B27A6804A00FDC2E7 /* Notes.xcdatamodeld in Sources */,
			);
			runOnlyForDeploymentPostprocessing = 0;
		};
/* End PBXSourcesBuildPhase section */

/* Begin PBXVariantGroup section */
		84ECE81627A6804A00FDC2E7 /* Main.storyboard */ = {
			isa = PBXVariantGroup;
			children = (
				84ECE81727A6804A00FDC2E7 /* Base */,
			);
			name = Main.storyboard;
			sourceTree = "<group>";
		};
		84ECE81E27A6804D00FDC2E7 /* LaunchScreen.storyboard */ = {
			isa = PBXVariantGroup;
			children = (
				84ECE81F27A6804D00FDC2E7 /* Base */,
			);
			name = LaunchScreen.storyboard;
			sourceTree = "<group>";
		};
/* End PBXVariantGroup section */

/* Begin XCBuildConfiguration section */
		84ECE82227A6804D00FDC2E7 /* Debug */ = {
			isa = XCBuildConfiguration;
			buildSettings = {
				ALWAYS_SEARCH_USER_PATHS = NO;
				CLANG_ANALYZER_NONNULL = YES;
				CLANG_ANALYZER_NUMBER_OBJECT_CONVERSION = YES_AGGRESSIVE;
				CLANG_CXX_LANGUAGE_STANDARD = "gnu++17";
				CLANG_CXX_LIBRARY = "libc++";
				CLANG_ENABLE_MODULES = YES;
				CLANG_ENABLE_OBJC_ARC = YES;
				CLANG_ENABLE_OBJC_WEAK = YES;
				CLANG_WARN_BLOCK_CAPTURE_AUTORELEASING = YES;
				CLANG_WARN_BOOL_CONVERSION = YES;
				CLANG_WARN_COMMA = YES;
				CLANG_WARN_CONSTANT_CONVERSION = YES;
				CLANG_WARN_DEPRECATED_OBJC_IMPLEMENTATIONS = YES;
				CLANG_WARN_DIRECT_OBJC_ISA_USAGE = YES_ERROR;
				CLANG_WARN_DOCUMENTATION_COMMENTS = YES;
				CLANG_WARN_EMPTY_BODY = YES;
				CLANG_WARN_ENUM_CONVERSION = YES;
				CLANG_WARN_INFINITE_RECURSION = YES;
				CLANG_WARN_INT_CONVERSION = YES;
				CLANG_WARN_NON_LITERAL_NULL_CONVERSION = YES;
				CLANG_WARN_OBJC_IMPLICIT_RETAIN_SELF = YES;
				CLANG_WARN_OBJC_LITERAL_CONVERSION = YES;
				CLANG_WARN_OBJC_ROOT_CLASS = YES_ERROR;
				CLANG_WARN_QUOTED_INCLUDE_IN_FRAMEWORK_HEADER = YES;
				CLANG_WARN_RANGE_LOOP_ANALYSIS = YES;
				CLANG_WARN_STRICT_PROTOTYPES = YES;
				CLANG_WARN_SUSPICIOUS_MOVE = YES;
				CLANG_WARN_UNGUARDED_AVAILABILITY = YES_AGGRESSIVE;
				CLANG_WARN_UNREACHABLE_CODE = YES;
				CLANG_WARN__DUPLICATE_METHOD_MATCH = YES;
				COPY_PHASE_STRIP = NO;
				DEBUG_INFORMATION_FORMAT = dwarf;
				ENABLE_STRICT_OBJC_MSGSEND = YES;
				ENABLE_TESTABILITY = YES;
				GCC_C_LANGUAGE_STANDARD = gnu11;
				GCC_DYNAMIC_NO_PIC = NO;
				GCC_NO_COMMON_BLOCKS = YES;
				GCC_OPTIMIZATION_LEVEL = 0;
				GCC_PREPROCESSOR_DEFINITIONS = (
					"DEBUG=1",
					"$(inherited)",
				);
				GCC_WARN_64_TO_32_BIT_CONVERSION = YES;
				GCC_WARN_ABOUT_RETURN_TYPE = YES_ERROR;
				GCC_WARN_UNDECLARED_SELECTOR = YES;
				GCC_WARN_UNINITIALIZED_AUTOS = YES_AGGRESSIVE;
				GCC_WARN_UNUSED_FUNCTION = YES;
				GCC_WARN_UNUSED_VARIABLE = YES;
				IPHONEOS_DEPLOYMENT_TARGET = 13.0;
				MTL_ENABLE_DEBUG_INFO = INCLUDE_SOURCE;
				MTL_FAST_MATH = YES;
				ONLY_ACTIVE_ARCH = YES;
				SDKROOT = iphoneos;
				SWIFT_ACTIVE_COMPILATION_CONDITIONS = DEBUG;
				SWIFT_OPTIMIZATION_LEVEL = "-Onone";
			};
			name = Debug;
		};
		84ECE82327A6804D00FDC2E7 /* Release */ = {
			isa = XCBuildConfiguration;
			buildSettings = {
				ALWAYS_SEARCH_USER_PATHS = NO;
				CLANG_ANALYZER_NONNULL = YES;
				CLANG_ANALYZER_NUMBER_OBJECT_CONVERSION = YES_AGGRESSIVE;
				CLANG_CXX_LANGUAGE_STANDARD = "gnu++17";
				CLANG_CXX_LIBRARY = "libc++";
				CLANG_ENABLE_MODULES = YES;
				CLANG_ENABLE_OBJC_ARC = YES;
				CLANG_ENABLE_OBJC_WEAK = YES;
				CLANG_WARN_BLOCK_CAPTURE_AUTORELEASING = YES;
				CLANG_WARN_BOOL_CONVERSION = YES;
				CLANG_WARN_COMMA = YES;
				CLANG_WARN_CONSTANT_CONVERSION = YES;
				CLANG_WARN_DEPRECATED_OBJC_IMPLEMENTATIONS = YES;
				CLANG_WARN_DIRECT_OBJC_ISA_USAGE = YES_ERROR;
				CLANG_WARN_DOCUMENTATION_COMMENTS = YES;
				CLANG_WARN_EMPTY_BODY = YES;
				CLANG_WARN_ENUM_CONVERSION = YES;
				CLANG_WARN_INFINITE_RECURSION = YES;
				CLANG_WARN_INT_CONVERSION = YES;
				CLANG_WARN_NON_LITERAL_NULL_CONVERSION = YES;
				CLANG_WARN_OBJC_IMPLICIT_RETAIN_SELF = YES;
				CLANG_WARN_OBJC_LITERAL_CONVERSION = YES;
				CLANG_WARN_OBJC_ROOT_CLASS = YES_ERROR;
				CLANG_WARN_QUOTED_INCLUDE_IN_FRAMEWORK_HEADER = YES;
				CLANG_WARN_RANGE_LOOP_ANALYSIS = YES;
				CLANG_WARN_STRICT_PROTOTYPES = YES;
				CLANG_WARN_SUSPICIOUS_MOVE = YES;
				CLANG_WARN_UNGUARDED_AVAILABILITY = YES_AGGRESSIVE;
				CLANG_WARN_UNREACHABLE_CODE = YES;
				CLANG_WARN__DUPLICATE_METHOD_MATCH = YES;
				COPY_PHASE_STRIP = NO;
				DEBUG_INFORMATION_FORMAT = "dwarf-with-dsym";
				ENABLE_NS_ASSERTIONS = NO;
				ENABLE_STRICT_OBJC_MSGSEND = YES;
				GCC_C_LANGUAGE_STANDARD = gnu11;
				GCC_NO_COMMON_BLOCKS = YES;
				GCC_WARN_64_TO_32_BIT_CONVERSION = YES;
				GCC_WARN_ABOUT_RETURN_TYPE = YES_ERROR;
				GCC_WARN_UNDECLARED_SELECTOR = YES;
				GCC_WARN_UNINITIALIZED_AUTOS = YES_AGGRESSIVE;
				GCC_WARN_UNUSED_FUNCTION = YES;
				GCC_WARN_UNUSED_VARIABLE = YES;
				IPHONEOS_DEPLOYMENT_TARGET = 13.0;
				MTL_ENABLE_DEBUG_INFO = NO;
				MTL_FAST_MATH = YES;
				SDKROOT = iphoneos;
				SWIFT_COMPILATION_MODE = wholemodule;
				SWIFT_OPTIMIZATION_LEVEL = "-O";
				VALIDATE_PRODUCT = YES;
			};
			name = Release;
		};
		84ECE82527A6804D00FDC2E7 /* Debug */ = {
			isa = XCBuildConfiguration;
			buildSettings = {
				ASSETCATALOG_COMPILER_APPICON_NAME = AppIcon;
				ASSETCATALOG_COMPILER_GLOBAL_ACCENT_COLOR_NAME = AccentColor;
				CODE_SIGN_STYLE = Automatic;
				CURRENT_PROJECT_VERSION = 1;
				DEVELOPMENT_TEAM = VAPL2C8V2X;
				GENERATE_INFOPLIST_FILE = YES;
				INFOPLIST_FILE = Notes/Info.plist;
				INFOPLIST_KEY_UIApplicationSupportsIndirectInputEvents = YES;
				INFOPLIST_KEY_UILaunchStoryboardName = LaunchScreen;
				INFOPLIST_KEY_UIMainStoryboardFile = Main;
				INFOPLIST_KEY_UISupportedInterfaceOrientations_iPad = "UIInterfaceOrientationPortrait UIInterfaceOrientationPortraitUpsideDown UIInterfaceOrientationLandscapeLeft UIInterfaceOrientationLandscapeRight";
				INFOPLIST_KEY_UISupportedInterfaceOrientations_iPhone = "UIInterfaceOrientationPortrait UIInterfaceOrientationLandscapeLeft UIInterfaceOrientationLandscapeRight";
				IPHONEOS_DEPLOYMENT_TARGET = 13.0;
				LD_RUNPATH_SEARCH_PATHS = (
					"$(inherited)",
					"@executable_path/Frameworks",
				);
				MARKETING_VERSION = 1.1;
				PRODUCT_BUNDLE_IDENTIFIER = ivanPunchMan.Notes;
				PRODUCT_NAME = "$(TARGET_NAME)";
				SWIFT_EMIT_LOC_STRINGS = YES;
				SWIFT_VERSION = 5.0;
				TARGETED_DEVICE_FAMILY = "1,2";
			};
			name = Debug;
		};
		84ECE82627A6804D00FDC2E7 /* Release */ = {
			isa = XCBuildConfiguration;
			buildSettings = {
				ASSETCATALOG_COMPILER_APPICON_NAME = AppIcon;
				ASSETCATALOG_COMPILER_GLOBAL_ACCENT_COLOR_NAME = AccentColor;
				CODE_SIGN_STYLE = Automatic;
				CURRENT_PROJECT_VERSION = 1;
				DEVELOPMENT_TEAM = VAPL2C8V2X;
				GENERATE_INFOPLIST_FILE = YES;
				INFOPLIST_FILE = Notes/Info.plist;
				INFOPLIST_KEY_UIApplicationSupportsIndirectInputEvents = YES;
				INFOPLIST_KEY_UILaunchStoryboardName = LaunchScreen;
				INFOPLIST_KEY_UIMainStoryboardFile = Main;
				INFOPLIST_KEY_UISupportedInterfaceOrientations_iPad = "UIInterfaceOrientationPortrait UIInterfaceOrientationPortraitUpsideDown UIInterfaceOrientationLandscapeLeft UIInterfaceOrientationLandscapeRight";
				INFOPLIST_KEY_UISupportedInterfaceOrientations_iPhone = "UIInterfaceOrientationPortrait UIInterfaceOrientationLandscapeLeft UIInterfaceOrientationLandscapeRight";
				IPHONEOS_DEPLOYMENT_TARGET = 13.0;
				LD_RUNPATH_SEARCH_PATHS = (
					"$(inherited)",
					"@executable_path/Frameworks",
				);
				MARKETING_VERSION = 1.1;
				PRODUCT_BUNDLE_IDENTIFIER = ivanPunchMan.Notes;
				PRODUCT_NAME = "$(TARGET_NAME)";
				SWIFT_EMIT_LOC_STRINGS = YES;
				SWIFT_VERSION = 5.0;
				TARGETED_DEVICE_FAMILY = "1,2";
			};
			name = Release;
		};
/* End XCBuildConfiguration section */

/* Begin XCConfigurationList section */
		84ECE80827A6804A00FDC2E7 /* Build configuration list for PBXProject "Notes" */ = {
			isa = XCConfigurationList;
			buildConfigurations = (
				84ECE82227A6804D00FDC2E7 /* Debug */,
				84ECE82327A6804D00FDC2E7 /* Release */,
			);
			defaultConfigurationIsVisible = 0;
			defaultConfigurationName = Release;
		};
		84ECE82427A6804D00FDC2E7 /* Build configuration list for PBXNativeTarget "Notes" */ = {
			isa = XCConfigurationList;
			buildConfigurations = (
				84ECE82527A6804D00FDC2E7 /* Debug */,
				84ECE82627A6804D00FDC2E7 /* Release */,
			);
			defaultConfigurationIsVisible = 0;
			defaultConfigurationName = Release;
		};
/* End XCConfigurationList section */

/* Begin XCVersionGroup section */
		84ECE81927A6804A00FDC2E7 /* Notes.xcdatamodeld */ = {
			isa = XCVersionGroup;
			children = (
				84ECE81A27A6804A00FDC2E7 /* Notes.xcdatamodel */,
			);
			currentVersion = 84ECE81A27A6804A00FDC2E7 /* Notes.xcdatamodel */;
			path = Notes.xcdatamodeld;
			sourceTree = "<group>";
			versionGroupType = wrapper.xcdatamodel;
		};
/* End XCVersionGroup section */
	};
	rootObject = 84ECE80527A6804A00FDC2E7 /* Project object */;
}
